
Microsoft Visual Studio Solution File, Format Version 12.00
# Visual Studio 15
VisualStudioVersion = 15.0.26124.0
MinimumVisualStudioVersion = 15.0.26124.0
Project("{FAE04EC0-301F-11D3-BF4B-00C04F79EFBC}") = "CdkApp", "CdkApp\CdkApp.csproj", "{68CD766F-455D-4ECD-8C47-019475FFC91D}"
EndProject
Project("{FAE04EC0-301F-11D3-BF4B-00C04F79EFBC}") = "Lambdas", "..\Lambdas\src\Lambdas\Lambdas.csproj", "{E9ACFFA7-4CE4-4DD2-95B6-3AF8BCF053C6}"
EndProject
Global
	GlobalSection(SolutionConfigurationPlatforms) = preSolution
		Debug|Any CPU = Debug|Any CPU
		Debug|x64 = Debug|x64
		Debug|x86 = Debug|x86
		Release|Any CPU = Release|Any CPU
		Release|x64 = Release|x64
		Release|x86 = Release|x86
	EndGlobalSection
	GlobalSection(SolutionProperties) = preSolution
		HideSolutionNode = FALSE
	EndGlobalSection
	GlobalSection(ProjectConfigurationPlatforms) = postSolution
		{68CD766F-455D-4ECD-8C47-019475FFC91D}.Debug|Any CPU.ActiveCfg = Debug|Any CPU
		{68CD766F-455D-4ECD-8C47-019475FFC91D}.Debug|Any CPU.Build.0 = Debug|Any CPU
		{68CD766F-455D-4ECD-8C47-019475FFC91D}.Debug|x64.ActiveCfg = Debug|Any CPU
		{68CD766F-455D-4ECD-8C47-019475FFC91D}.Debug|x64.Build.0 = Debug|Any CPU
		{68CD766F-455D-4ECD-8C47-019475FFC91D}.Debug|x86.ActiveCfg = Debug|Any CPU
		{68CD766F-455D-4ECD-8C47-019475FFC91D}.Debug|x86.Build.0 = Debug|Any CPU
		{68CD766F-455D-4ECD-8C47-019475FFC91D}.Release|Any CPU.ActiveCfg = Release|Any CPU
		{68CD766F-455D-4ECD-8C47-019475FFC91D}.Release|Any CPU.Build.0 = Release|Any CPU
		{68CD766F-455D-4ECD-8C47-019475FFC91D}.Release|x64.ActiveCfg = Release|Any CPU
		{68CD766F-455D-4ECD-8C47-019475FFC91D}.Release|x64.Build.0 = Release|Any CPU
		{68CD766F-455D-4ECD-8C47-019475FFC91D}.Release|x86.ActiveCfg = Release|Any CPU
		{68CD766F-455D-4ECD-8C47-019475FFC91D}.Release|x86.Build.0 = Release|Any CPU
		{E9ACFFA7-4CE4-4DD2-95B6-3AF8BCF053C6}.Debug|Any CPU.ActiveCfg = Debug|Any CPU
		{E9ACFFA7-4CE4-4DD2-95B6-3AF8BCF053C6}.Debug|Any CPU.Build.0 = Debug|Any CPU
		{E9ACFFA7-4CE4-4DD2-95B6-3AF8BCF053C6}.Debug|x64.ActiveCfg = Debug|Any CPU
		{E9ACFFA7-4CE4-4DD2-95B6-3AF8BCF053C6}.Debug|x64.Build.0 = Debug|Any CPU
		{E9ACFFA7-4CE4-4DD2-95B6-3AF8BCF053C6}.Debug|x86.ActiveCfg = Debug|Any CPU
		{E9ACFFA7-4CE4-4DD2-95B6-3AF8BCF053C6}.Debug|x86.Build.0 = Debug|Any CPU
		{E9ACFFA7-4CE4-4DD2-95B6-3AF8BCF053C6}.Release|Any CPU.ActiveCfg = Release|Any CPU
		{E9ACFFA7-4CE4-4DD2-95B6-3AF8BCF053C6}.Release|Any CPU.Build.0 = Release|Any CPU
		{E9ACFFA7-4CE4-4DD2-95B6-3AF8BCF053C6}.Release|x64.ActiveCfg = Release|Any CPU
		{E9ACFFA7-4CE4-4DD2-95B6-3AF8BCF053C6}.Release|x64.Build.0 = Release|Any CPU
		{E9ACFFA7-4CE4-4DD2-95B6-3AF8BCF053C6}.Release|x86.ActiveCfg = Release|Any CPU
		{E9ACFFA7-4CE4-4DD2-95B6-3AF8BCF053C6}.Release|x86.Build.0 = Release|Any CPU
	EndGlobalSection
EndGlobal
